
Microsoft Visual Studio Solution File, Format Version 12.00
# Visual Studio Version 17
VisualStudioVersion = 17.9.34728.123
MinimumVisualStudioVersion = 10.0.40219.1
Project("{FAE04EC0-301F-11D3-BF4B-00C04F79EFBC}") = "SellCars", "SellCars\SellCars.csproj", "{860392C3-14D8-4BAD-8C8B-874B986D94FF}"
EndProject
Project("{54435603-DBB4-11D2-8724-00A0C9A8B90C}") = "SellCar", "SellCar\SellCar.vdproj", "{DBF653FC-18B4-4E75-987D-2B5257B4E111}"
EndProject
Global
	GlobalSection(SolutionConfigurationPlatforms) = preSolution
		Debug|Any CPU = Debug|Any CPU
		Release|Any CPU = Release|Any CPU
	EndGlobalSection
	GlobalSection(ProjectConfigurationPlatforms) = postSolution
		{860392C3-14D8-4BAD-8C8B-874B986D94FF}.Debug|Any CPU.ActiveCfg = Debug|Any CPU
		{860392C3-14D8-4BAD-8C8B-874B986D94FF}.Debug|Any CPU.Build.0 = Debug|Any CPU
		{860392C3-14D8-4BAD-8C8B-874B986D94FF}.Release|Any CPU.ActiveCfg = Release|Any CPU
		{860392C3-14D8-4BAD-8C8B-874B986D94FF}.Release|Any CPU.Build.0 = Release|Any CPU
		{DBF653FC-18B4-4E75-987D-2B5257B4E111}.Debug|Any CPU.ActiveCfg = Debug
		{DBF653FC-18B4-4E75-987D-2B5257B4E111}.Release|Any CPU.ActiveCfg = Release
	EndGlobalSection
	GlobalSection(SolutionProperties) = preSolution
		HideSolutionNode = FALSE
	EndGlobalSection
	GlobalSection(ExtensibilityGlobals) = postSolution
		SolutionGuid = {C500731D-6A1E-4DF1-B74A-B94BA02BE92F}
	EndGlobalSection
EndGlobal
